
Microsoft Visual Studio Solution File, Format Version 12.00
# Visual Studio 2012
Project("{FAE04EC0-301F-11D3-BF4B-00C04F79EFBC}") = "MailAFriend_Server", "MailAFriend_Server\MailAFriend_Server.csproj", "{D51F6387-D5E1-4B2A-A22E-0B7C577D87B6}"
EndProject
Project("{FAE04EC0-301F-11D3-BF4B-00C04F79EFBC}") = "MailAFriend_Client", "MailAFriend_Client\MailAFriend_Client.csproj", "{F0F6446E-B8D8-4C33-B16A-B238B38AFA31}"
EndProject
Global
	GlobalSection(SolutionConfigurationPlatforms) = preSolution
		Debug|Any CPU = Debug|Any CPU
		Release|Any CPU = Release|Any CPU
	EndGlobalSection
	GlobalSection(ProjectConfigurationPlatforms) = postSolution
		{D51F6387-D5E1-4B2A-A22E-0B7C577D87B6}.Debug|Any CPU.ActiveCfg = Debug|Any CPU
		{D51F6387-D5E1-4B2A-A22E-0B7C577D87B6}.Debug|Any CPU.Build.0 = Debug|Any CPU
		{D51F6387-D5E1-4B2A-A22E-0B7C577D87B6}.Release|Any CPU.ActiveCfg = Release|Any CPU
		{D51F6387-D5E1-4B2A-A22E-0B7C577D87B6}.Release|Any CPU.Build.0 = Release|Any CPU
		{F0F6446E-B8D8-4C33-B16A-B238B38AFA31}.Debug|Any CPU.ActiveCfg = Debug|Any CPU
		{F0F6446E-B8D8-4C33-B16A-B238B38AFA31}.Debug|Any CPU.Build.0 = Debug|Any CPU
		{F0F6446E-B8D8-4C33-B16A-B238B38AFA31}.Release|Any CPU.ActiveCfg = Release|Any CPU
		{F0F6446E-B8D8-4C33-B16A-B238B38AFA31}.Release|Any CPU.Build.0 = Release|Any CPU
	EndGlobalSection
	GlobalSection(SolutionProperties) = preSolution
		HideSolutionNode = FALSE
	EndGlobalSection
	GlobalSection(Performance) = preSolution
		HasPerformanceSessions = true
	EndGlobalSection
EndGlobal
